
Microsoft Visual Studio Solution File, Format Version 12.00
# Visual Studio Version 16
VisualStudioVersion = 16.0.31205.134
MinimumVisualStudioVersion = 10.0.40219.1
Project("{FAE04EC0-301F-11D3-BF4B-00C04F79EFBC}") = "LineCamparison_OOP", "LineCamparison_OOP\LineCamparison_OOP.csproj", "{63170317-3469-422D-9E44-D00F0F0F3573}"
EndProject
Global
	GlobalSection(SolutionConfigurationPlatforms) = preSolution
		Debug|Any CPU = Debug|Any CPU
		Release|Any CPU = Release|Any CPU
	EndGlobalSection
	GlobalSection(ProjectConfigurationPlatforms) = postSolution
		{63170317-3469-422D-9E44-D00F0F0F3573}.Debug|Any CPU.ActiveCfg = Debug|Any CPU
		{63170317-3469-422D-9E44-D00F0F0F3573}.Debug|Any CPU.Build.0 = Debug|Any CPU
		{63170317-3469-422D-9E44-D00F0F0F3573}.Release|Any CPU.ActiveCfg = Release|Any CPU
		{63170317-3469-422D-9E44-D00F0F0F3573}.Release|Any CPU.Build.0 = Release|Any CPU
	EndGlobalSection
	GlobalSection(SolutionProperties) = preSolution
		HideSolutionNode = FALSE
	EndGlobalSection
	GlobalSection(ExtensibilityGlobals) = postSolution
		SolutionGuid = {A5DB35B8-0078-4C4A-98C6-E0DE3A4322F5}
	EndGlobalSection
EndGlobal
